
Microsoft Visual Studio Solution File, Format Version 12.00
# Visual Studio 14
VisualStudioVersion = 14.0.25420.1
MinimumVisualStudioVersion = 10.0.40219.1
Project("{FAE04EC0-301F-11D3-BF4B-00C04F79EFBC}") = "eventsx", "eventsx\eventsx.csproj", "{FB03938D-E874-48CC-B118-6AFB3E3BA1F0}"
EndProject
Project("{FAE04EC0-301F-11D3-BF4B-00C04F79EFBC}") = "eventsx.test", "eventsx.test\eventsx.test.csproj", "{FA0AC615-3BED-4BCE-AC3A-9870A80CA3AE}"
EndProject
Global
	GlobalSection(SolutionConfigurationPlatforms) = preSolution
		Debug|Any CPU = Debug|Any CPU
		Release|Any CPU = Release|Any CPU
	EndGlobalSection
	GlobalSection(ProjectConfigurationPlatforms) = postSolution
		{FB03938D-E874-48CC-B118-6AFB3E3BA1F0}.Debug|Any CPU.ActiveCfg = Debug|Any CPU
		{FB03938D-E874-48CC-B118-6AFB3E3BA1F0}.Debug|Any CPU.Build.0 = Debug|Any CPU
		{FB03938D-E874-48CC-B118-6AFB3E3BA1F0}.Release|Any CPU.ActiveCfg = Release|Any CPU
		{FB03938D-E874-48CC-B118-6AFB3E3BA1F0}.Release|Any CPU.Build.0 = Release|Any CPU
		{FA0AC615-3BED-4BCE-AC3A-9870A80CA3AE}.Debug|Any CPU.ActiveCfg = Debug|Any CPU
		{FA0AC615-3BED-4BCE-AC3A-9870A80CA3AE}.Debug|Any CPU.Build.0 = Debug|Any CPU
		{FA0AC615-3BED-4BCE-AC3A-9870A80CA3AE}.Release|Any CPU.ActiveCfg = Release|Any CPU
		{FA0AC615-3BED-4BCE-AC3A-9870A80CA3AE}.Release|Any CPU.Build.0 = Release|Any CPU
	EndGlobalSection
	GlobalSection(SolutionProperties) = preSolution
		HideSolutionNode = FALSE
	EndGlobalSection
EndGlobal
